{
  "name": "deuk-agent-rule",
  "version": "1.0.4",
  "lockfileVersion": 3,
  "requires": true,
  "packages": {
    "": {
      "name": "deuk-agent-rule",
      "version": "1.0.4",
      "license": "Apache-2.0",
      "bin": {
        "deuk-agent-rule": "scripts/cli.mjs"
      },
      "engines": {
        "node": ">=18"
      }
    }
  }
}
